// !$*UTF8*$!
{
	archiveVersion = 1;
	classes = {
	};
	objectVersion = 50;
	objects = {

/* Begin PBXBuildFile section */
		48FF175523FC8EAC006D647F /* AppDelegate.swift in Sources */ = {isa = PBXBuildFile; fileRef = 48FF175423FC8EAC006D647F /* AppDelegate.swift */; };
		48FF175723FC8EAC006D647F /* SceneDelegate.swift in Sources */ = {isa = PBXBuildFile; fileRef = 48FF175623FC8EAC006D647F /* SceneDelegate.swift */; };
		48FF175923FC8EAC006D647F /* ViewController.swift in Sources */ = {isa = PBXBuildFile; fileRef = 48FF175823FC8EAC006D647F /* ViewController.swift */; };
		48FF175C23FC8EAC006D647F /* Main.storyboard in Resources */ = {isa = PBXBuildFile; fileRef = 48FF175A23FC8EAC006D647F /* Main.storyboard */; };
		48FF175E23FC8EAE006D647F /* Assets.xcassets in Resources */ = {isa = PBXBuildFile; fileRef = 48FF175D23FC8EAE006D647F /* Assets.xcassets */; };
		48FF176123FC8EAE006D647F /* LaunchScreen.storyboard in Resources */ = {isa = PBXBuildFile; fileRef = 48FF175F23FC8EAE006D647F /* LaunchScreen.storyboard */; };
		48FF176C23FC8EAE006D647F /* ZuluMachineWeatherAppTests.swift in Sources */ = {isa = PBXBuildFile; fileRef = 48FF176B23FC8EAE006D647F /* ZuluMachineWeatherAppTests.swift */; };
		48FF177723FC8EAE006D647F /* ZuluMachineWeatherAppUITests.swift in Sources */ = {isa = PBXBuildFile; fileRef = 48FF177623FC8EAE006D647F /* ZuluMachineWeatherAppUITests.swift */; };
/* End PBXBuildFile section */

/* Begin PBXContainerItemProxy section */
		48FF176823FC8EAE006D647F /* PBXContainerItemProxy */ = {
			isa = PBXContainerItemProxy;
			containerPortal = 48FF174923FC8EAC006D647F /* Project object */;
			proxyType = 1;
			remoteGlobalIDString = 48FF175023FC8EAC006D647F;
			remoteInfo = ZuluMachineWeatherApp;
		};
		48FF177323FC8EAE006D647F /* PBXContainerItemProxy */ = {
			isa = PBXContainerItemProxy;
			containerPortal = 48FF174923FC8EAC006D647F /* Project object */;
			proxyType = 1;
			remoteGlobalIDString = 48FF175023FC8EAC006D647F;
			remoteInfo = ZuluMachineWeatherApp;
		};
/* End PBXContainerItemProxy section */

/* Begin PBXFileReference section */
		48FF175123FC8EAC006D647F /* ZuluMachineWeatherApp.app */ = {isa = PBXFileReference; explicitFileType = wrapper.application; includeInIndex = 0; path = ZuluMachineWeatherApp.app; sourceTree = BUILT_PRODUCTS_DIR; };
		48FF175423FC8EAC006D647F /* AppDelegate.swift */ = {isa = PBXFileReference; lastKnownFileType = sourcecode.swift; path = AppDelegate.swift; sourceTree = "<group>"; };
		48FF175623FC8EAC006D647F /* SceneDelegate.swift */ = {isa = PBXFileReference; lastKnownFileType = sourcecode.swift; path = SceneDelegate.swift; sourceTree = "<group>"; };
		48FF175823FC8EAC006D647F /* ViewController.swift */ = {isa = PBXFileReference; lastKnownFileType = sourcecode.swift; path = ViewController.swift; sourceTree = "<group>"; };
		48FF175B23FC8EAC006D647F /* Base */ = {isa = PBXFileReference; lastKnownFileType = file.storyboard; name = Base; path = Base.lproj/Main.storyboard; sourceTree = "<group>"; };
		48FF175D23FC8EAE006D647F /* Assets.xcassets */ = {isa = PBXFileReference; lastKnownFileType = folder.assetcatalog; path = Assets.xcassets; sourceTree = "<group>"; };
		48FF176023FC8EAE006D647F /* Base */ = {isa = PBXFileReference; lastKnownFileType = file.storyboard; name = Base; path = Base.lproj/LaunchScreen.storyboard; sourceTree = "<group>"; };
		48FF176223FC8EAE006D647F /* Info.plist */ = {isa = PBXFileReference; lastKnownFileType = text.plist.xml; path = Info.plist; sourceTree = "<group>"; };
		48FF176723FC8EAE006D647F /* ZuluMachineWeatherAppTests.xctest */ = {isa = PBXFileReference; explicitFileType = wrapper.cfbundle; includeInIndex = 0; path = ZuluMachineWeatherAppTests.xctest; sourceTree = BUILT_PRODUCTS_DIR; };
		48FF176B23FC8EAE006D647F /* ZuluMachineWeatherAppTests.swift */ = {isa = PBXFileReference; lastKnownFileType = sourcecode.swift; path = ZuluMachineWeatherAppTests.swift; sourceTree = "<group>"; };
		48FF176D23FC8EAE006D647F /* Info.plist */ = {isa = PBXFileReference; lastKnownFileType = text.plist.xml; path = Info.plist; sourceTree = "<group>"; };
		48FF177223FC8EAE006D647F /* ZuluMachineWeatherAppUITests.xctest */ = {isa = PBXFileReference; explicitFileType = wrapper.cfbundle; includeInIndex = 0; path = ZuluMachineWeatherAppUITests.xctest; sourceTree = BUILT_PRODUCTS_DIR; };
		48FF177623FC8EAE006D647F /* ZuluMachineWeatherAppUITests.swift */ = {isa = PBXFileReference; lastKnownFileType = sourcecode.swift; path = ZuluMachineWeatherAppUITests.swift; sourceTree = "<group>"; };
		48FF177823FC8EAE006D647F /* Info.plist */ = {isa = PBXFileReference; lastKnownFileType = text.plist.xml; path = Info.plist; sourceTree = "<group>"; };
/* End PBXFileReference section */

/* Begin PBXFrameworksBuildPhase section */
		48FF174E23FC8EAC006D647F /* Frameworks */ = {
			isa = PBXFrameworksBuildPhase;
			buildActionMask = 2147483647;
			files = (
			);
			runOnlyForDeploymentPostprocessing = 0;
		};
		48FF176423FC8EAE006D647F /* Frameworks */ = {
			isa = PBXFrameworksBuildPhase;
			buildActionMask = 2147483647;
			files = (
			);
			runOnlyForDeploymentPostprocessing = 0;
		};
		48FF176F23FC8EAE006D647F /* Frameworks */ = {
			isa = PBXFrameworksBuildPhase;
			buildActionMask = 2147483647;
			files = (
			);
			runOnlyForDeploymentPostprocessing = 0;
		};
/* End PBXFrameworksBuildPhase section */

/* Begin PBXGroup section */
		48FF174823FC8EAC006D647F = {
			isa = PBXGroup;
			children = (
				48FF175323FC8EAC006D647F /* ZuluMachineWeatherApp */,
				48FF176A23FC8EAE006D647F /* ZuluMachineWeatherAppTests */,
				48FF177523FC8EAE006D647F /* ZuluMachineWeatherAppUITests */,
				48FF175223FC8EAC006D647F /* Products */,
			);
			sourceTree = "<group>";
		};
		48FF175223FC8EAC006D647F /* Products */ = {
			isa = PBXGroup;
			children = (
				48FF175123FC8EAC006D647F /* ZuluMachineWeatherApp.app */,
				48FF176723FC8EAE006D647F /* ZuluMachineWeatherAppTests.xctest */,
				48FF177223FC8EAE006D647F /* ZuluMachineWeatherAppUITests.xctest */,
			);
			name = Products;
			sourceTree = "<group>";
		};
		48FF175323FC8EAC006D647F /* ZuluMachineWeatherApp */ = {
			isa = PBXGroup;
			children = (
				48FF175423FC8EAC006D647F /* AppDelegate.swift */,
				48FF175623FC8EAC006D647F /* SceneDelegate.swift */,
				48FF175823FC8EAC006D647F /* ViewController.swift */,
				48FF175A23FC8EAC006D647F /* Main.storyboard */,
				48FF175D23FC8EAE006D647F /* Assets.xcassets */,
				48FF175F23FC8EAE006D647F /* LaunchScreen.storyboard */,
				48FF176223FC8EAE006D647F /* Info.plist */,
			);
			path = ZuluMachineWeatherApp;
			sourceTree = "<group>";
		};
		48FF176A23FC8EAE006D647F /* ZuluMachineWeatherAppTests */ = {
			isa = PBXGroup;
			children = (
				48FF176B23FC8EAE006D647F /* ZuluMachineWeatherAppTests.swift */,
				48FF176D23FC8EAE006D647F /* Info.plist */,
			);
			path = ZuluMachineWeatherAppTests;
			sourceTree = "<group>";
		};
		48FF177523FC8EAE006D647F /* ZuluMachineWeatherAppUITests */ = {
			isa = PBXGroup;
			children = (
				48FF177623FC8EAE006D647F /* ZuluMachineWeatherAppUITests.swift */,
				48FF177823FC8EAE006D647F /* Info.plist */,
			);
			path = ZuluMachineWeatherAppUITests;
			sourceTree = "<group>";
		};
/* End PBXGroup section */

/* Begin PBXNativeTarget section */
		48FF175023FC8EAC006D647F /* ZuluMachineWeatherApp */ = {
			isa = PBXNativeTarget;
			buildConfigurationList = 48FF177B23FC8EAE006D647F /* Build configuration list for PBXNativeTarget "ZuluMachineWeatherApp" */;
			buildPhases = (
				48FF174D23FC8EAC006D647F /* Sources */,
				48FF174E23FC8EAC006D647F /* Frameworks */,
				48FF174F23FC8EAC006D647F /* Resources */,
			);
			buildRules = (
			);
			dependencies = (
			);
			name = ZuluMachineWeatherApp;
			productName = ZuluMachineWeatherApp;
			productReference = 48FF175123FC8EAC006D647F /* ZuluMachineWeatherApp.app */;
			productType = "com.apple.product-type.application";
		};
		48FF176623FC8EAE006D647F /* ZuluMachineWeatherAppTests */ = {
			isa = PBXNativeTarget;
			buildConfigurationList = 48FF177E23FC8EAE006D647F /* Build configuration list for PBXNativeTarget "ZuluMachineWeatherAppTests" */;
			buildPhases = (
				48FF176323FC8EAE006D647F /* Sources */,
				48FF176423FC8EAE006D647F /* Frameworks */,
				48FF176523FC8EAE006D647F /* Resources */,
			);
			buildRules = (
			);
			dependencies = (
				48FF176923FC8EAE006D647F /* PBXTargetDependency */,
			);
			name = ZuluMachineWeatherAppTests;
			productName = ZuluMachineWeatherAppTests;
			productReference = 48FF176723FC8EAE006D647F /* ZuluMachineWeatherAppTests.xctest */;
			productType = "com.apple.product-type.bundle.unit-test";
		};
		48FF177123FC8EAE006D647F /* ZuluMachineWeatherAppUITests */ = {
			isa = PBXNativeTarget;
			buildConfigurationList = 48FF178123FC8EAE006D647F /* Build configuration list for PBXNativeTarget "ZuluMachineWeatherAppUITests" */;
			buildPhases = (
				48FF176E23FC8EAE006D647F /* Sources */,
				48FF176F23FC8EAE006D647F /* Frameworks */,
				48FF177023FC8EAE006D647F /* Resources */,
			);
			buildRules = (
			);
			dependencies = (
				48FF177423FC8EAE006D647F /* PBXTargetDependency */,
			);
			name = ZuluMachineWeatherAppUITests;
			productName = ZuluMachineWeatherAppUITests;
			productReference = 48FF177223FC8EAE006D647F /* ZuluMachineWeatherAppUITests.xctest */;
			productType = "com.apple.product-type.bundle.ui-testing";
		};
/* End PBXNativeTarget section */

/* Begin PBXProject section */
		48FF174923FC8EAC006D647F /* Project object */ = {
			isa = PBXProject;
			attributes = {
				LastSwiftUpdateCheck = 1130;
				LastUpgradeCheck = 1130;
				ORGANIZATIONNAME = "ZuluMachine House";
				TargetAttributes = {
					48FF175023FC8EAC006D647F = {
						CreatedOnToolsVersion = 11.3.1;
					};
					48FF176623FC8EAE006D647F = {
						CreatedOnToolsVersion = 11.3.1;
						TestTargetID = 48FF175023FC8EAC006D647F;
					};
					48FF177123FC8EAE006D647F = {
						CreatedOnToolsVersion = 11.3.1;
						TestTargetID = 48FF175023FC8EAC006D647F;
					};
				};
			};
			buildConfigurationList = 48FF174C23FC8EAC006D647F /* Build configuration list for PBXProject "ZuluMachineWeatherApp" */;
			compatibilityVersion = "Xcode 9.3";
			developmentRegion = en;
			hasScannedForEncodings = 0;
			knownRegions = (
				en,
				Base,
			);
			mainGroup = 48FF174823FC8EAC006D647F;
			productRefGroup = 48FF175223FC8EAC006D647F /* Products */;
			projectDirPath = "";
			projectRoot = "";
			targets = (
				48FF175023FC8EAC006D647F /* ZuluMachineWeatherApp */,
				48FF176623FC8EAE006D647F /* ZuluMachineWeatherAppTests */,
				48FF177123FC8EAE006D647F /* ZuluMachineWeatherAppUITests */,
			);
		};
/* End PBXProject section */

/* Begin PBXResourcesBuildPhase section */
		48FF174F23FC8EAC006D647F /* Resources */ = {
			isa = PBXResourcesBuildPhase;
			buildActionMask = 2147483647;
			files = (
				48FF176123FC8EAE006D647F /* LaunchScreen.storyboard in Resources */,
				48FF175E23FC8EAE006D647F /* Assets.xcassets in Resources */,
				48FF175C23FC8EAC006D647F /* Main.storyboard in Resources */,
			);
			runOnlyForDeploymentPostprocessing = 0;
		};
		48FF176523FC8EAE006D647F /* Resources */ = {
			isa = PBXResourcesBuildPhase;
			buildActionMask = 2147483647;
			files = (
			);
			runOnlyForDeploymentPostprocessing = 0;
		};
		48FF177023FC8EAE006D647F /* Resources */ = {
			isa = PBXResourcesBuildPhase;
			buildActionMask = 2147483647;
			files = (
			);
			runOnlyForDeploymentPostprocessing = 0;
		};
/* End PBXResourcesBuildPhase section */

/* Begin PBXSourcesBuildPhase section */
		48FF174D23FC8EAC006D647F /* Sources */ = {
			isa = PBXSourcesBuildPhase;
			buildActionMask = 2147483647;
			files = (
				48FF175923FC8EAC006D647F /* ViewController.swift in Sources */,
				48FF175523FC8EAC006D647F /* AppDelegate.swift in Sources */,
				48FF175723FC8EAC006D647F /* SceneDelegate.swift in Sources */,
			);
			runOnlyForDeploymentPostprocessing = 0;
		};
		48FF176323FC8EAE006D647F /* Sources */ = {
			isa = PBXSourcesBuildPhase;
			buildActionMask = 2147483647;
			files = (
				48FF176C23FC8EAE006D647F /* ZuluMachineWeatherAppTests.swift in Sources */,
			);
			runOnlyForDeploymentPostprocessing = 0;
		};
		48FF176E23FC8EAE006D647F /* Sources */ = {
			isa = PBXSourcesBuildPhase;
			buildActionMask = 2147483647;
			files = (
				48FF177723FC8EAE006D647F /* ZuluMachineWeatherAppUITests.swift in Sources */,
			);
			runOnlyForDeploymentPostprocessing = 0;
		};
/* End PBXSourcesBuildPhase section */

/* Begin PBXTargetDependency section */
		48FF176923FC8EAE006D647F /* PBXTargetDependency */ = {
			isa = PBXTargetDependency;
			target = 48FF175023FC8EAC006D647F /* ZuluMachineWeatherApp */;
			targetProxy = 48FF176823FC8EAE006D647F /* PBXContainerItemProxy */;
		};
		48FF177423FC8EAE006D647F /* PBXTargetDependency */ = {
			isa = PBXTargetDependency;
			target = 48FF175023FC8EAC006D647F /* ZuluMachineWeatherApp */;
			targetProxy = 48FF177323FC8EAE006D647F /* PBXContainerItemProxy */;
		};
/* End PBXTargetDependency section */

/* Begin PBXVariantGroup section */
		48FF175A23FC8EAC006D647F /* Main.storyboard */ = {
			isa = PBXVariantGroup;
			children = (
				48FF175B23FC8EAC006D647F /* Base */,
			);
			name = Main.storyboard;
			sourceTree = "<group>";
		};
		48FF175F23FC8EAE006D647F /* LaunchScreen.storyboard */ = {
			isa = PBXVariantGroup;
			children = (
				48FF176023FC8EAE006D647F /* Base */,
			);
			name = LaunchScreen.storyboard;
			sourceTree = "<group>";
		};
/* End PBXVariantGroup section */

/* Begin XCBuildConfiguration section */
		48FF177923FC8EAE006D647F /* Debug */ = {
			isa = XCBuildConfiguration;
			buildSettings = {
				ALWAYS_SEARCH_USER_PATHS = NO;
				CLANG_ANALYZER_NONNULL = YES;
				CLANG_ANALYZER_NUMBER_OBJECT_CONVERSION = YES_AGGRESSIVE;
				CLANG_CXX_LANGUAGE_STANDARD = "gnu++14";
				CLANG_CXX_LIBRARY = "libc++";
				CLANG_ENABLE_MODULES = YES;
				CLANG_ENABLE_OBJC_ARC = YES;
				CLANG_ENABLE_OBJC_WEAK = YES;
				CLANG_WARN_BLOCK_CAPTURE_AUTORELEASING = YES;
				CLANG_WARN_BOOL_CONVERSION = YES;
				CLANG_WARN_COMMA = YES;
				CLANG_WARN_CONSTANT_CONVERSION = YES;
				CLANG_WARN_DEPRECATED_OBJC_IMPLEMENTATIONS = YES;
				CLANG_WARN_DIRECT_OBJC_ISA_USAGE = YES_ERROR;
				CLANG_WARN_DOCUMENTATION_COMMENTS = YES;
				CLANG_WARN_EMPTY_BODY = YES;
				CLANG_WARN_ENUM_CONVERSION = YES;
				CLANG_WARN_INFINITE_RECURSION = YES;
				CLANG_WARN_INT_CONVERSION = YES;
				CLANG_WARN_NON_LITERAL_NULL_CONVERSION = YES;
				CLANG_WARN_OBJC_IMPLICIT_RETAIN_SELF = YES;
				CLANG_WARN_OBJC_LITERAL_CONVERSION = YES;
				CLANG_WARN_OBJC_ROOT_CLASS = YES_ERROR;
				CLANG_WARN_RANGE_LOOP_ANALYSIS = YES;
				CLANG_WARN_STRICT_PROTOTYPES = YES;
				CLANG_WARN_SUSPICIOUS_MOVE = YES;
				CLANG_WARN_UNGUARDED_AVAILABILITY = YES_AGGRESSIVE;
				CLANG_WARN_UNREACHABLE_CODE = YES;
				CLANG_WARN__DUPLICATE_METHOD_MATCH = YES;
				COPY_PHASE_STRIP = NO;
				DEBUG_INFORMATION_FORMAT = dwarf;
				ENABLE_STRICT_OBJC_MSGSEND = YES;
				ENABLE_TESTABILITY = YES;
				GCC_C_LANGUAGE_STANDARD = gnu11;
				GCC_DYNAMIC_NO_PIC = NO;
				GCC_NO_COMMON_BLOCKS = YES;
				GCC_OPTIMIZATION_LEVEL = 0;
				GCC_PREPROCESSOR_DEFINITIONS = (
					"DEBUG=1",
					"$(inherited)",
				);
				GCC_WARN_64_TO_32_BIT_CONVERSION = YES;
				GCC_WARN_ABOUT_RETURN_TYPE = YES_ERROR;
				GCC_WARN_UNDECLARED_SELECTOR = YES;
				GCC_WARN_UNINITIALIZED_AUTOS = YES_AGGRESSIVE;
				GCC_WARN_UNUSED_FUNCTION = YES;
				GCC_WARN_UNUSED_VARIABLE = YES;
				IPHONEOS_DEPLOYMENT_TARGET = 13.2;
				MTL_ENABLE_DEBUG_INFO = INCLUDE_SOURCE;
				MTL_FAST_MATH = YES;
				ONLY_ACTIVE_ARCH = YES;
				SDKROOT = iphoneos;
				SWIFT_ACTIVE_COMPILATION_CONDITIONS = DEBUG;
				SWIFT_OPTIMIZATION_LEVEL = "-Onone";
			};
			name = Debug;
		};
		48FF177A23FC8EAE006D647F /* Release */ = {
			isa = XCBuildConfiguration;
			buildSettings = {
				ALWAYS_SEARCH_USER_PATHS = NO;
				CLANG_ANALYZER_NONNULL = YES;
				CLANG_ANALYZER_NUMBER_OBJECT_CONVERSION = YES_AGGRESSIVE;
				CLANG_CXX_LANGUAGE_STANDARD = "gnu++14";
				CLANG_CXX_LIBRARY = "libc++";
				CLANG_ENABLE_MODULES = YES;
				CLANG_ENABLE_OBJC_ARC = YES;
				CLANG_ENABLE_OBJC_WEAK = YES;
				CLANG_WARN_BLOCK_CAPTURE_AUTORELEASING = YES;
				CLANG_WARN_BOOL_CONVERSION = YES;
				CLANG_WARN_COMMA = YES;
				CLANG_WARN_CONSTANT_CONVERSION = YES;
				CLANG_WARN_DEPRECATED_OBJC_IMPLEMENTATIONS = YES;
				CLANG_WARN_DIRECT_OBJC_ISA_USAGE = YES_ERROR;
				CLANG_WARN_DOCUMENTATION_COMMENTS = YES;
				CLANG_WARN_EMPTY_BODY = YES;
				CLANG_WARN_ENUM_CONVERSION = YES;
				CLANG_WARN_INFINITE_RECURSION = YES;
				CLANG_WARN_INT_CONVERSION = YES;
				CLANG_WARN_NON_LITERAL_NULL_CONVERSION = YES;
				CLANG_WARN_OBJC_IMPLICIT_RETAIN_SELF = YES;
				CLANG_WARN_OBJC_LITERAL_CONVERSION = YES;
				CLANG_WARN_OBJC_ROOT_CLASS = YES_ERROR;
				CLANG_WARN_RANGE_LOOP_ANALYSIS = YES;
				CLANG_WARN_STRICT_PROTOTYPES = YES;
				CLANG_WARN_SUSPICIOUS_MOVE = YES;
				CLANG_WARN_UNGUARDED_AVAILABILITY = YES_AGGRESSIVE;
				CLANG_WARN_UNREACHABLE_CODE = YES;
				CLANG_WARN__DUPLICATE_METHOD_MATCH = YES;
				COPY_PHASE_STRIP = NO;
				DEBUG_INFORMATION_FORMAT = "dwarf-with-dsym";
				ENABLE_NS_ASSERTIONS = NO;
				ENABLE_STRICT_OBJC_MSGSEND = YES;
				GCC_C_LANGUAGE_STANDARD = gnu11;
				GCC_NO_COMMON_BLOCKS = YES;
				GCC_WARN_64_TO_32_BIT_CONVERSION = YES;
				GCC_WARN_ABOUT_RETURN_TYPE = YES_ERROR;
				GCC_WARN_UNDECLARED_SELECTOR = YES;
				GCC_WARN_UNINITIALIZED_AUTOS = YES_AGGRESSIVE;
				GCC_WARN_UNUSED_FUNCTION = YES;
				GCC_WARN_UNUSED_VARIABLE = YES;
				IPHONEOS_DEPLOYMENT_TARGET = 13.2;
				MTL_ENABLE_DEBUG_INFO = NO;
				MTL_FAST_MATH = YES;
				SDKROOT = iphoneos;
				SWIFT_COMPILATION_MODE = wholemodule;
				SWIFT_OPTIMIZATION_LEVEL = "-O";
				VALIDATE_PRODUCT = YES;
			};
			name = Release;
		};
		48FF177C23FC8EAE006D647F /* Debug */ = {
			isa = XCBuildConfiguration;
			buildSettings = {
				ASSETCATALOG_COMPILER_APPICON_NAME = AppIcon;
				CODE_SIGN_STYLE = Automatic;
				INFOPLIST_FILE = ZuluMachineWeatherApp/Info.plist;
				LD_RUNPATH_SEARCH_PATHS = (
					"$(inherited)",
					"@executable_path/Frameworks",
				);
				PRODUCT_BUNDLE_IDENTIFIER = com.test.ZuluMachineWeatherApp;
				PRODUCT_NAME = "$(TARGET_NAME)";
				SWIFT_VERSION = 5.0;
				TARGETED_DEVICE_FAMILY = "1,2";
			};
			name = Debug;
		};
		48FF177D23FC8EAE006D647F /* Release */ = {
			isa = XCBuildConfiguration;
			buildSettings = {
				ASSETCATALOG_COMPILER_APPICON_NAME = AppIcon;
				CODE_SIGN_STYLE = Automatic;
				INFOPLIST_FILE = ZuluMachineWeatherApp/Info.plist;
				LD_RUNPATH_SEARCH_PATHS = (
					"$(inherited)",
					"@executable_path/Frameworks",
				);
				PRODUCT_BUNDLE_IDENTIFIER = com.test.ZuluMachineWeatherApp;
				PRODUCT_NAME = "$(TARGET_NAME)";
				SWIFT_VERSION = 5.0;
				TARGETED_DEVICE_FAMILY = "1,2";
			};
			name = Release;
		};
		48FF177F23FC8EAE006D647F /* Debug */ = {
			isa = XCBuildConfiguration;
			buildSettings = {
				ALWAYS_EMBED_SWIFT_STANDARD_LIBRARIES = YES;
				BUNDLE_LOADER = "$(TEST_HOST)";
				CODE_SIGN_STYLE = Automatic;
				INFOPLIST_FILE = ZuluMachineWeatherAppTests/Info.plist;
				IPHONEOS_DEPLOYMENT_TARGET = 13.2;
				LD_RUNPATH_SEARCH_PATHS = (
					"$(inherited)",
					"@executable_path/Frameworks",
					"@loader_path/Frameworks",
				);
				PRODUCT_BUNDLE_IDENTIFIER = com.test.ZuluMachineWeatherAppTests;
				PRODUCT_NAME = "$(TARGET_NAME)";
				SWIFT_VERSION = 5.0;
				TARGETED_DEVICE_FAMILY = "1,2";
				TEST_HOST = "$(BUILT_PRODUCTS_DIR)/ZuluMachineWeatherApp.app/ZuluMachineWeatherApp";
			};
			name = Debug;
		};
		48FF178023FC8EAE006D647F /* Release */ = {
			isa = XCBuildConfiguration;
			buildSettings = {
				ALWAYS_EMBED_SWIFT_STANDARD_LIBRARIES = YES;
				BUNDLE_LOADER = "$(TEST_HOST)";
				CODE_SIGN_STYLE = Automatic;
				INFOPLIST_FILE = ZuluMachineWeatherAppTests/Info.plist;
				IPHONEOS_DEPLOYMENT_TARGET = 13.2;
				LD_RUNPATH_SEARCH_PATHS = (
					"$(inherited)",
					"@executable_path/Frameworks",
					"@loader_path/Frameworks",
				);
				PRODUCT_BUNDLE_IDENTIFIER = com.test.ZuluMachineWeatherAppTests;
				PRODUCT_NAME = "$(TARGET_NAME)";
				SWIFT_VERSION = 5.0;
				TARGETED_DEVICE_FAMILY = "1,2";
				TEST_HOST = "$(BUILT_PRODUCTS_DIR)/ZuluMachineWeatherApp.app/ZuluMachineWeatherApp";
			};
			name = Release;
		};
		48FF178223FC8EAE006D647F /* Debug */ = {
			isa = XCBuildConfiguration;
			buildSettings = {
				ALWAYS_EMBED_SWIFT_STANDARD_LIBRARIES = YES;
				CODE_SIGN_STYLE = Automatic;
				INFOPLIST_FILE = ZuluMachineWeatherAppUITests/Info.plist;
				LD_RUNPATH_SEARCH_PATHS = (
					"$(inherited)",
					"@executable_path/Frameworks",
					"@loader_path/Frameworks",
				);
				PRODUCT_BUNDLE_IDENTIFIER = com.test.ZuluMachineWeatherAppUITests;
				PRODUCT_NAME = "$(TARGET_NAME)";
				SWIFT_VERSION = 5.0;
				TARGETED_DEVICE_FAMILY = "1,2";
				TEST_TARGET_NAME = ZuluMachineWeatherApp;
			};
			name = Debug;
		};
		48FF178323FC8EAE006D647F /* Release */ = {
			isa = XCBuildConfiguration;
			buildSettings = {
				ALWAYS_EMBED_SWIFT_STANDARD_LIBRARIES = YES;
				CODE_SIGN_STYLE = Automatic;
				INFOPLIST_FILE = ZuluMachineWeatherAppUITests/Info.plist;
				LD_RUNPATH_SEARCH_PATHS = (
					"$(inherited)",
					"@executable_path/Frameworks",
					"@loader_path/Frameworks",
				);
				PRODUCT_BUNDLE_IDENTIFIER = com.test.ZuluMachineWeatherAppUITests;
				PRODUCT_NAME = "$(TARGET_NAME)";
				SWIFT_VERSION = 5.0;
				TARGETED_DEVICE_FAMILY = "1,2";
				TEST_TARGET_NAME = ZuluMachineWeatherApp;
			};
			name = Release;
		};
/* End XCBuildConfiguration section */

/* Begin XCConfigurationList section */
		48FF174C23FC8EAC006D647F /* Build configuration list for PBXProject "ZuluMachineWeatherApp" */ = {
			isa = XCConfigurationList;
			buildConfigurations = (
				48FF177923FC8EAE006D647F /* Debug */,
				48FF177A23FC8EAE006D647F /* Release */,
			);
			defaultConfigurationIsVisible = 0;
			defaultConfigurationName = Release;
		};
		48FF177B23FC8EAE006D647F /* Build configuration list for PBXNativeTarget "ZuluMachineWeatherApp" */ = {
			isa = XCConfigurationList;
			buildConfigurations = (
				48FF177C23FC8EAE006D647F /* Debug */,
				48FF177D23FC8EAE006D647F /* Release */,
			);
			defaultConfigurationIsVisible = 0;
			defaultConfigurationName = Release;
		};
		48FF177E23FC8EAE006D647F /* Build configuration list for PBXNativeTarget "ZuluMachineWeatherAppTests" */ = {
			isa = XCConfigurationList;
			buildConfigurations = (
				48FF177F23FC8EAE006D647F /* Debug */,
				48FF178023FC8EAE006D647F /* Release */,
			);
			defaultConfigurationIsVisible = 0;
			defaultConfigurationName = Release;
		};
		48FF178123FC8EAE006D647F /* Build configuration list for PBXNativeTarget "ZuluMachineWeatherAppUITests" */ = {
			isa = XCConfigurationList;
			buildConfigurations = (
				48FF178223FC8EAE006D647F /* Debug */,
				48FF178323FC8EAE006D647F /* Release */,
			);
			defaultConfigurationIsVisible = 0;
			defaultConfigurationName = Release;
		};
/* End XCConfigurationList section */
	};
	rootObject = 48FF174923FC8EAC006D647F /* Project object */;
}
